
Microsoft Visual Studio Solution File, Format Version 12.00
# Visual Studio Version 16
VisualStudioVersion = 16.0.30002.166
MinimumVisualStudioVersion = 10.0.40219.1
Project("{FAE04EC0-301F-11D3-BF4B-00C04F79EFBC}") = "Blog", "Blog\Blog.csproj", "{78AAD1B2-5B1F-4BE4-BE7E-488C97F03DD7}"
EndProject
Global
	GlobalSection(SolutionConfigurationPlatforms) = preSolution
		Debug|Any CPU = Debug|Any CPU
		Release|Any CPU = Release|Any CPU
	EndGlobalSection
	GlobalSection(ProjectConfigurationPlatforms) = postSolution
		{78AAD1B2-5B1F-4BE4-BE7E-488C97F03DD7}.Debug|Any CPU.ActiveCfg = Debug|Any CPU
		{78AAD1B2-5B1F-4BE4-BE7E-488C97F03DD7}.Debug|Any CPU.Build.0 = Debug|Any CPU
		{78AAD1B2-5B1F-4BE4-BE7E-488C97F03DD7}.Release|Any CPU.ActiveCfg = Release|Any CPU
		{78AAD1B2-5B1F-4BE4-BE7E-488C97F03DD7}.Release|Any CPU.Build.0 = Release|Any CPU
	EndGlobalSection
	GlobalSection(SolutionProperties) = preSolution
		HideSolutionNode = FALSE
	EndGlobalSection
	GlobalSection(ExtensibilityGlobals) = postSolution
		SolutionGuid = {1B0F798C-D363-4E3A-B00B-613D9B1B4D15}
	EndGlobalSection
EndGlobal
